// !$*UTF8*$!
{
	archiveVersion = 1;
	classes = {
	};
	objectVersion = 55;
	objects = {

/* Begin PBXBuildFile section */
		13BBBD2E29357B270011DBE5 /* TimerBack.swift in Sources */ = {isa = PBXBuildFile; fileRef = 13BBBD2D29357B270011DBE5 /* TimerBack.swift */; };
		982BF4D029059C5500141B2C /* Post.swift in Sources */ = {isa = PBXBuildFile; fileRef = 982BF4CF29059C5500141B2C /* Post.swift */; };
		982BF4D22905A47300141B2C /* StorageManager.swift in Sources */ = {isa = PBXBuildFile; fileRef = 982BF4D12905A47300141B2C /* StorageManager.swift */; };
		982BF4D72906E70E00141B2C /* CameraView.swift in Sources */ = {isa = PBXBuildFile; fileRef = 982BF4D62906E70E00141B2C /* CameraView.swift */; };
		982BF4DD291B06C100141B2C /* UserService.swift in Sources */ = {isa = PBXBuildFile; fileRef = 982BF4DC291B06C100141B2C /* UserService.swift */; };
		B20D939C28C68C20009D7DE6 /* LoginInput.swift in Sources */ = {isa = PBXBuildFile; fileRef = B20D939B28C68C20009D7DE6 /* LoginInput.swift */; };
		B23F511228590E360080FE33 /* ActualProfileView.swift in Sources */ = {isa = PBXBuildFile; fileRef = B23F511128590E360080FE33 /* ActualProfileView.swift */; };
		B2C4E8472858107F00731F12 /* golden3App.swift in Sources */ = {isa = PBXBuildFile; fileRef = B2C4E8462858107F00731F12 /* golden3App.swift */; };
		B2C4E8492858107F00731F12 /* ContentView.swift in Sources */ = {isa = PBXBuildFile; fileRef = B2C4E8482858107F00731F12 /* ContentView.swift */; };
		B2C4E84B2858108000731F12 /* Assets.xcassets in Resources */ = {isa = PBXBuildFile; fileRef = B2C4E84A2858108000731F12 /* Assets.xcassets */; };
		B2C4E84E2858108000731F12 /* Preview Assets.xcassets in Resources */ = {isa = PBXBuildFile; fileRef = B2C4E84D2858108000731F12 /* Preview Assets.xcassets */; };
		B2C4E85F2858119A00731F12 /* FeedView.swift in Sources */ = {isa = PBXBuildFile; fileRef = B2C4E85E2858119A00731F12 /* FeedView.swift */; };
		B2C4E8642858131900731F12 /* PostRowView.swift in Sources */ = {isa = PBXBuildFile; fileRef = B2C4E8632858131900731F12 /* PostRowView.swift */; };
		B2C4E8682858199B00731F12 /* ProfileView.swift in Sources */ = {isa = PBXBuildFile; fileRef = B2C4E8672858199B00731F12 /* ProfileView.swift */; };
		B2C4E86B28581A5100731F12 /* ClockView.swift in Sources */ = {isa = PBXBuildFile; fileRef = B2C4E86A28581A5100731F12 /* ClockView.swift */; };
		B2C4E86D28581B4600731F12 /* ActualFeed.swift in Sources */ = {isa = PBXBuildFile; fileRef = B2C4E86C28581B4600731F12 /* ActualFeed.swift */; };
		D102E7CF28F7A74B0051EB1F /* please.riv in Resources */ = {isa = PBXBuildFile; fileRef = D102E7CE28F7A74B0051EB1F /* please.riv */; };
		D162182E28F8D0F000EAED92 /* FredokaOne-Regular.ttf in Resources */ = {isa = PBXBuildFile; fileRef = D162182D28F8D0F000EAED92 /* FredokaOne-Regular.ttf */; };
		D18FE65228F9C75700C5A572 /* HowItWorksView.swift in Sources */ = {isa = PBXBuildFile; fileRef = D18FE65128F9C75700C5A572 /* HowItWorksView.swift */; };
		D18FE65528F9CCA000C5A572 /* GreetingView.swift in Sources */ = {isa = PBXBuildFile; fileRef = D18FE65428F9CCA000C5A572 /* GreetingView.swift */; };
		D18FE65B28F9EE1400C5A572 /* loopbackground.riv in Resources */ = {isa = PBXBuildFile; fileRef = D18FE65A28F9EE1400C5A572 /* loopbackground.riv */; };
		D18FE65E28F9EFDB00C5A572 /* BackgroundAnimated.swift in Sources */ = {isa = PBXBuildFile; fileRef = D18FE65D28F9EFDB00C5A572 /* BackgroundAnimated.swift */; };
		D18FE66A28FA5AF900C5A572 /* RiveRuntime in Frameworks */ = {isa = PBXBuildFile; productRef = D18FE66928FA5AF900C5A572 /* RiveRuntime */; };
		D1D3689028F8DFA900BF016F /* DONTUSELOGIN.swift in Sources */ = {isa = PBXBuildFile; fileRef = D1D3688F28F8DFA900BF016F /* DONTUSELOGIN.swift */; };
		D1D3689628F8E5A900BF016F /* SignupInput.swift in Sources */ = {isa = PBXBuildFile; fileRef = D1D3689528F8E5A900BF016F /* SignupInput.swift */; };
		D1D3689828F8E6AC00BF016F /* DONTUSESIGNIN.swift in Sources */ = {isa = PBXBuildFile; fileRef = D1D3689728F8E6AC00BF016F /* DONTUSESIGNIN.swift */; };
		F315675128FDF82E005AF020 /* ViewRouter.swift in Sources */ = {isa = PBXBuildFile; fileRef = F315675028FDF82E005AF020 /* ViewRouter.swift */; };
		F315675328FDF875005AF020 /* ViewControl.swift in Sources */ = {isa = PBXBuildFile; fileRef = F315675228FDF875005AF020 /* ViewControl.swift */; };
		F33579A429342B4F00947EE8 /* FirebaseAnalytics in Frameworks */ = {isa = PBXBuildFile; productRef = F33579A329342B4F00947EE8 /* FirebaseAnalytics */; };
		F33579A629342B4F00947EE8 /* FirebaseAnalyticsOnDeviceConversion in Frameworks */ = {isa = PBXBuildFile; productRef = F33579A529342B4F00947EE8 /* FirebaseAnalyticsOnDeviceConversion */; };
		F33579A829342B4F00947EE8 /* FirebaseAnalyticsSwift in Frameworks */ = {isa = PBXBuildFile; productRef = F33579A729342B4F00947EE8 /* FirebaseAnalyticsSwift */; };
		F33579AA29342B4F00947EE8 /* FirebaseAnalyticsWithoutAdIdSupport in Frameworks */ = {isa = PBXBuildFile; productRef = F33579A929342B4F00947EE8 /* FirebaseAnalyticsWithoutAdIdSupport */; };
		F33579AC29342B4F00947EE8 /* FirebaseAppCheck in Frameworks */ = {isa = PBXBuildFile; productRef = F33579AB29342B4F00947EE8 /* FirebaseAppCheck */; };
		F33579AE29342B4F00947EE8 /* FirebaseAppDistribution-Beta in Frameworks */ = {isa = PBXBuildFile; productRef = F33579AD29342B4F00947EE8 /* FirebaseAppDistribution-Beta */; };
		F33579B029342B4F00947EE8 /* FirebaseAuth in Frameworks */ = {isa = PBXBuildFile; productRef = F33579AF29342B4F00947EE8 /* FirebaseAuth */; };
		F33579B229342B4F00947EE8 /* FirebaseAuthCombine-Community in Frameworks */ = {isa = PBXBuildFile; productRef = F33579B129342B4F00947EE8 /* FirebaseAuthCombine-Community */; };
		F33579B429342B4F00947EE8 /* FirebaseCrashlytics in Frameworks */ = {isa = PBXBuildFile; productRef = F33579B329342B4F00947EE8 /* FirebaseCrashlytics */; };
		F33579B629342B4F00947EE8 /* FirebaseDatabase in Frameworks */ = {isa = PBXBuildFile; productRef = F33579B529342B4F00947EE8 /* FirebaseDatabase */; };
		F33579B829342B4F00947EE8 /* FirebaseDatabaseSwift in Frameworks */ = {isa = PBXBuildFile; productRef = F33579B729342B4F00947EE8 /* FirebaseDatabaseSwift */; };
		F33579BA29342B4F00947EE8 /* FirebaseDynamicLinks in Frameworks */ = {isa = PBXBuildFile; productRef = F33579B929342B4F00947EE8 /* FirebaseDynamicLinks */; };
		F33579BC29342B4F00947EE8 /* FirebaseFirestore in Frameworks */ = {isa = PBXBuildFile; productRef = F33579BB29342B4F00947EE8 /* FirebaseFirestore */; };
		F33579BE29342B4F00947EE8 /* FirebaseFirestoreCombine-Community in Frameworks */ = {isa = PBXBuildFile; productRef = F33579BD29342B4F00947EE8 /* FirebaseFirestoreCombine-Community */; };
		F33579C029342B4F00947EE8 /* FirebaseFirestoreSwift in Frameworks */ = {isa = PBXBuildFile; productRef = F33579BF29342B4F00947EE8 /* FirebaseFirestoreSwift */; };
		F33579C229342B4F00947EE8 /* FirebaseFunctions in Frameworks */ = {isa = PBXBuildFile; productRef = F33579C129342B4F00947EE8 /* FirebaseFunctions */; };
		F33579C429342B4F00947EE8 /* FirebaseFunctionsCombine-Community in Frameworks */ = {isa = PBXBuildFile; productRef = F33579C329342B4F00947EE8 /* FirebaseFunctionsCombine-Community */; };
		F33579C629342B4F00947EE8 /* FirebaseInAppMessaging-Beta in Frameworks */ = {isa = PBXBuildFile; productRef = F33579C529342B4F00947EE8 /* FirebaseInAppMessaging-Beta */; };
		F33579C829342B4F00947EE8 /* FirebaseInAppMessagingSwift-Beta in Frameworks */ = {isa = PBXBuildFile; productRef = F33579C729342B4F00947EE8 /* FirebaseInAppMessagingSwift-Beta */; };
		F33579CA29342B4F00947EE8 /* FirebaseInstallations in Frameworks */ = {isa = PBXBuildFile; productRef = F33579C929342B4F00947EE8 /* FirebaseInstallations */; };
		F33579CC29342B4F00947EE8 /* FirebaseMLModelDownloader in Frameworks */ = {isa = PBXBuildFile; productRef = F33579CB29342B4F00947EE8 /* FirebaseMLModelDownloader */; };
		F33579CE29342B4F00947EE8 /* FirebaseMessaging in Frameworks */ = {isa = PBXBuildFile; productRef = F33579CD29342B4F00947EE8 /* FirebaseMessaging */; };
		F33579D029342B4F00947EE8 /* FirebasePerformance in Frameworks */ = {isa = PBXBuildFile; productRef = F33579CF29342B4F00947EE8 /* FirebasePerformance */; };
		F33579D229342B4F00947EE8 /* FirebaseRemoteConfig in Frameworks */ = {isa = PBXBuildFile; productRef = F33579D129342B4F00947EE8 /* FirebaseRemoteConfig */; };
		F33579D429342B4F00947EE8 /* FirebaseRemoteConfigSwift in Frameworks */ = {isa = PBXBuildFile; productRef = F33579D329342B4F00947EE8 /* FirebaseRemoteConfigSwift */; };
		F33579D629342B4F00947EE8 /* FirebaseStorage in Frameworks */ = {isa = PBXBuildFile; productRef = F33579D529342B4F00947EE8 /* FirebaseStorage */; };
		F33579D829342B4F00947EE8 /* FirebaseStorageCombine-Community in Frameworks */ = {isa = PBXBuildFile; productRef = F33579D729342B4F00947EE8 /* FirebaseStorageCombine-Community */; };
		F37A2B202925633C00ACEDBA /* ActualLoginView.swift in Sources */ = {isa = PBXBuildFile; fileRef = F37A2B1F2925633C00ACEDBA /* ActualLoginView.swift */; };
		F37A2B222925635200ACEDBA /* ActualRegistrationView.swift in Sources */ = {isa = PBXBuildFile; fileRef = F37A2B212925635200ACEDBA /* ActualRegistrationView.swift */; };
		F37A2B25292587A500ACEDBA /* ImageUploader.swift in Sources */ = {isa = PBXBuildFile; fileRef = F37A2B24292587A500ACEDBA /* ImageUploader.swift */; };
		F395605C29280BF100A1865F /* User.swift in Sources */ = {isa = PBXBuildFile; fileRef = F395605B29280BF100A1865F /* User.swift */; };
		F395605F292813AD00A1865F /* Kingfisher in Frameworks */ = {isa = PBXBuildFile; productRef = F395605E292813AD00A1865F /* Kingfisher */; };
		F39DE0BB29074FBE00225F49 /* AuthViewModel.swift in Sources */ = {isa = PBXBuildFile; fileRef = F39DE0BA29074FBE00225F49 /* AuthViewModel.swift */; };
		F39DE0BF29075C0900225F49 /* SearchView.swift in Sources */ = {isa = PBXBuildFile; fileRef = F39DE0BE29075C0900225F49 /* SearchView.swift */; };
		F39DE0C129075C1C00225F49 /* SampleData.swift in Sources */ = {isa = PBXBuildFile; fileRef = F39DE0C029075C1C00225F49 /* SampleData.swift */; };
		F39DE0C529077A7E00225F49 /* ImagePicker.swift in Sources */ = {isa = PBXBuildFile; fileRef = F39DE0C429077A7E00225F49 /* ImagePicker.swift */; };
		F3C3E25E2935B42B00615299 /* GoogleService-Info.plist in Resources */ = {isa = PBXBuildFile; fileRef = F3C3E25D2935B42B00615299 /* GoogleService-Info.plist */; };
		F3C3E2632935CD4B00615299 /* MakePostView.swift in Sources */ = {isa = PBXBuildFile; fileRef = F3C3E2612935CD4B00615299 /* MakePostView.swift */; };
		F3C3E2642935CD4B00615299 /* PostCompleteView.swift in Sources */ = {isa = PBXBuildFile; fileRef = F3C3E2622935CD4B00615299 /* PostCompleteView.swift */; };
		F3C3E2672935CDA400615299 /* SettingsView.swift in Sources */ = {isa = PBXBuildFile; fileRef = F3C3E2662935CDA400615299 /* SettingsView.swift */; };
		F3C3E2692935CE4300615299 /* MainTabView.swift in Sources */ = {isa = PBXBuildFile; fileRef = F3C3E2682935CE4300615299 /* MainTabView.swift */; };
/* End PBXBuildFile section */

/* Begin PBXFileReference section */
		13BBBD2D29357B270011DBE5 /* TimerBack.swift */ = {isa = PBXFileReference; fileEncoding = 4; lastKnownFileType = sourcecode.swift; name = TimerBack.swift; path = Core/TimerBack.swift; sourceTree = "<group>"; };
		982BF4CF29059C5500141B2C /* Post.swift */ = {isa = PBXFileReference; lastKnownFileType = sourcecode.swift; path = Post.swift; sourceTree = "<group>"; };
		982BF4D12905A47300141B2C /* StorageManager.swift */ = {isa = PBXFileReference; lastKnownFileType = sourcecode.swift; name = StorageManager.swift; path = golden3/Core/Components/Posts/StorageManager.swift; sourceTree = SOURCE_ROOT; };
		982BF4D62906E70E00141B2C /* CameraView.swift */ = {isa = PBXFileReference; lastKnownFileType = sourcecode.swift; path = CameraView.swift; sourceTree = "<group>"; };
		982BF4DC291B06C100141B2C /* UserService.swift */ = {isa = PBXFileReference; lastKnownFileType = sourcecode.swift; name = UserService.swift; path = golden3/UserService.swift; sourceTree = SOURCE_ROOT; };
		B20D939B28C68C20009D7DE6 /* LoginInput.swift */ = {isa = PBXFileReference; lastKnownFileType = sourcecode.swift; path = LoginInput.swift; sourceTree = "<group>"; };
		B23F511128590E360080FE33 /* ActualProfileView.swift */ = {isa = PBXFileReference; lastKnownFileType = sourcecode.swift; path = ActualProfileView.swift; sourceTree = "<group>"; };
		B2C4E8432858107F00731F12 /* golden3.app */ = {isa = PBXFileReference; explicitFileType = wrapper.application; includeInIndex = 0; path = golden3.app; sourceTree = BUILT_PRODUCTS_DIR; };
		B2C4E8462858107F00731F12 /* golden3App.swift */ = {isa = PBXFileReference; lastKnownFileType = sourcecode.swift; path = golden3App.swift; sourceTree = "<group>"; };
		B2C4E8482858107F00731F12 /* ContentView.swift */ = {isa = PBXFileReference; lastKnownFileType = sourcecode.swift; path = ContentView.swift; sourceTree = "<group>"; };
		B2C4E84A2858108000731F12 /* Assets.xcassets */ = {isa = PBXFileReference; lastKnownFileType = folder.assetcatalog; path = Assets.xcassets; sourceTree = "<group>"; };
		B2C4E84D2858108000731F12 /* Preview Assets.xcassets */ = {isa = PBXFileReference; lastKnownFileType = folder.assetcatalog; path = "Preview Assets.xcassets"; sourceTree = "<group>"; };
		B2C4E85E2858119A00731F12 /* FeedView.swift */ = {isa = PBXFileReference; lastKnownFileType = sourcecode.swift; path = FeedView.swift; sourceTree = "<group>"; };
		B2C4E8632858131900731F12 /* PostRowView.swift */ = {isa = PBXFileReference; lastKnownFileType = sourcecode.swift; path = PostRowView.swift; sourceTree = "<group>"; };
		B2C4E8672858199B00731F12 /* ProfileView.swift */ = {isa = PBXFileReference; lastKnownFileType = sourcecode.swift; path = ProfileView.swift; sourceTree = "<group>"; };
		B2C4E86A28581A5100731F12 /* ClockView.swift */ = {isa = PBXFileReference; lastKnownFileType = sourcecode.swift; path = ClockView.swift; sourceTree = "<group>"; };
		B2C4E86C28581B4600731F12 /* ActualFeed.swift */ = {isa = PBXFileReference; lastKnownFileType = sourcecode.swift; path = ActualFeed.swift; sourceTree = "<group>"; };
		D102E7CE28F7A74B0051EB1F /* please.riv */ = {isa = PBXFileReference; lastKnownFileType = file; path = please.riv; sourceTree = "<group>"; };
		D162182D28F8D0F000EAED92 /* FredokaOne-Regular.ttf */ = {isa = PBXFileReference; lastKnownFileType = file; path = "FredokaOne-Regular.ttf"; sourceTree = "<group>"; };
		D18FE65128F9C75700C5A572 /* HowItWorksView.swift */ = {isa = PBXFileReference; lastKnownFileType = sourcecode.swift; path = HowItWorksView.swift; sourceTree = "<group>"; };
		D18FE65428F9CCA000C5A572 /* GreetingView.swift */ = {isa = PBXFileReference; lastKnownFileType = sourcecode.swift; path = GreetingView.swift; sourceTree = "<group>"; };
		D18FE65A28F9EE1400C5A572 /* loopbackground.riv */ = {isa = PBXFileReference; lastKnownFileType = file; path = loopbackground.riv; sourceTree = "<group>"; };
		D18FE65D28F9EFDB00C5A572 /* BackgroundAnimated.swift */ = {isa = PBXFileReference; lastKnownFileType = sourcecode.swift; path = BackgroundAnimated.swift; sourceTree = "<group>"; };
		D1D3688A28F8D2F600BF016F /* InfoInfo.plist */ = {isa = PBXFileReference; lastKnownFileType = text.plist.xml; path = InfoInfo.plist; sourceTree = "<group>"; };
		D1D3688F28F8DFA900BF016F /* DONTUSELOGIN.swift */ = {isa = PBXFileReference; lastKnownFileType = sourcecode.swift; path = DONTUSELOGIN.swift; sourceTree = "<group>"; };
		D1D3689528F8E5A900BF016F /* SignupInput.swift */ = {isa = PBXFileReference; lastKnownFileType = sourcecode.swift; path = SignupInput.swift; sourceTree = "<group>"; };
		D1D3689728F8E6AC00BF016F /* DONTUSESIGNIN.swift */ = {isa = PBXFileReference; lastKnownFileType = sourcecode.swift; path = DONTUSESIGNIN.swift; sourceTree = "<group>"; };
		F315675028FDF82E005AF020 /* ViewRouter.swift */ = {isa = PBXFileReference; lastKnownFileType = sourcecode.swift; path = ViewRouter.swift; sourceTree = "<group>"; };
		F315675228FDF875005AF020 /* ViewControl.swift */ = {isa = PBXFileReference; lastKnownFileType = sourcecode.swift; path = ViewControl.swift; sourceTree = "<group>"; };
		F37A2B1F2925633C00ACEDBA /* ActualLoginView.swift */ = {isa = PBXFileReference; lastKnownFileType = sourcecode.swift; path = ActualLoginView.swift; sourceTree = "<group>"; };
		F37A2B212925635200ACEDBA /* ActualRegistrationView.swift */ = {isa = PBXFileReference; lastKnownFileType = sourcecode.swift; path = ActualRegistrationView.swift; sourceTree = "<group>"; };
		F37A2B24292587A500ACEDBA /* ImageUploader.swift */ = {isa = PBXFileReference; lastKnownFileType = sourcecode.swift; path = ImageUploader.swift; sourceTree = "<group>"; };
		F395605B29280BF100A1865F /* User.swift */ = {isa = PBXFileReference; lastKnownFileType = sourcecode.swift; path = User.swift; sourceTree = "<group>"; };
		F39DE0BA29074FBE00225F49 /* AuthViewModel.swift */ = {isa = PBXFileReference; lastKnownFileType = sourcecode.swift; path = AuthViewModel.swift; sourceTree = "<group>"; };
		F39DE0BE29075C0900225F49 /* SearchView.swift */ = {isa = PBXFileReference; lastKnownFileType = sourcecode.swift; name = SearchView.swift; path = golden3/SearchView.swift; sourceTree = SOURCE_ROOT; };
		F39DE0C029075C1C00225F49 /* SampleData.swift */ = {isa = PBXFileReference; lastKnownFileType = sourcecode.swift; name = SampleData.swift; path = golden3/SampleData.swift; sourceTree = SOURCE_ROOT; };
		F39DE0C429077A7E00225F49 /* ImagePicker.swift */ = {isa = PBXFileReference; lastKnownFileType = sourcecode.swift; path = ImagePicker.swift; sourceTree = "<group>"; };
		F3C3E25D2935B42B00615299 /* GoogleService-Info.plist */ = {isa = PBXFileReference; fileEncoding = 4; lastKnownFileType = text.plist.xml; name = "GoogleService-Info.plist"; path = "../../../Downloads/GoogleService-Info.plist"; sourceTree = "<group>"; };
		F3C3E2612935CD4B00615299 /* MakePostView.swift */ = {isa = PBXFileReference; fileEncoding = 4; lastKnownFileType = sourcecode.swift; name = MakePostView.swift; path = golden3/Core/Components/Posts/MakePostView.swift; sourceTree = SOURCE_ROOT; };
		F3C3E2622935CD4B00615299 /* PostCompleteView.swift */ = {isa = PBXFileReference; fileEncoding = 4; lastKnownFileType = sourcecode.swift; name = PostCompleteView.swift; path = golden3/Core/Components/Posts/PostCompleteView.swift; sourceTree = SOURCE_ROOT; };
		F3C3E2662935CDA400615299 /* SettingsView.swift */ = {isa = PBXFileReference; lastKnownFileType = sourcecode.swift; path = SettingsView.swift; sourceTree = "<group>"; };
		F3C3E2682935CE4300615299 /* MainTabView.swift */ = {isa = PBXFileReference; fileEncoding = 4; lastKnownFileType = sourcecode.swift; path = MainTabView.swift; sourceTree = "<group>"; };
/* End PBXFileReference section */

/* Begin PBXFrameworksBuildPhase section */
		B2C4E8402858107F00731F12 /* Frameworks */ = {
			isa = PBXFrameworksBuildPhase;
			buildActionMask = 2147483647;
			files = (
				F33579CE29342B4F00947EE8 /* FirebaseMessaging in Frameworks */,
				F395605F292813AD00A1865F /* Kingfisher in Frameworks */,
				F33579C029342B4F00947EE8 /* FirebaseFirestoreSwift in Frameworks */,
				F33579AA29342B4F00947EE8 /* FirebaseAnalyticsWithoutAdIdSupport in Frameworks */,
				F33579C229342B4F00947EE8 /* FirebaseFunctions in Frameworks */,
				D18FE66A28FA5AF900C5A572 /* RiveRuntime in Frameworks */,
				F33579A429342B4F00947EE8 /* FirebaseAnalytics in Frameworks */,
				F33579B029342B4F00947EE8 /* FirebaseAuth in Frameworks */,
				F33579BA29342B4F00947EE8 /* FirebaseDynamicLinks in Frameworks */,
				F33579B429342B4F00947EE8 /* FirebaseCrashlytics in Frameworks */,
				F33579CC29342B4F00947EE8 /* FirebaseMLModelDownloader in Frameworks */,
				F33579B829342B4F00947EE8 /* FirebaseDatabaseSwift in Frameworks */,
				F33579BC29342B4F00947EE8 /* FirebaseFirestore in Frameworks */,
				F33579CA29342B4F00947EE8 /* FirebaseInstallations in Frameworks */,
				F33579C429342B4F00947EE8 /* FirebaseFunctionsCombine-Community in Frameworks */,
				F33579BE29342B4F00947EE8 /* FirebaseFirestoreCombine-Community in Frameworks */,
				F33579B629342B4F00947EE8 /* FirebaseDatabase in Frameworks */,
				F33579D029342B4F00947EE8 /* FirebasePerformance in Frameworks */,
				F33579AC29342B4F00947EE8 /* FirebaseAppCheck in Frameworks */,
				F33579A629342B4F00947EE8 /* FirebaseAnalyticsOnDeviceConversion in Frameworks */,
				F33579C829342B4F00947EE8 /* FirebaseInAppMessagingSwift-Beta in Frameworks */,
				F33579D429342B4F00947EE8 /* FirebaseRemoteConfigSwift in Frameworks */,
				F33579A829342B4F00947EE8 /* FirebaseAnalyticsSwift in Frameworks */,
				F33579AE29342B4F00947EE8 /* FirebaseAppDistribution-Beta in Frameworks */,
				F33579D229342B4F00947EE8 /* FirebaseRemoteConfig in Frameworks */,
				F33579D629342B4F00947EE8 /* FirebaseStorage in Frameworks */,
				F33579B229342B4F00947EE8 /* FirebaseAuthCombine-Community in Frameworks */,
				F33579D829342B4F00947EE8 /* FirebaseStorageCombine-Community in Frameworks */,
				F33579C629342B4F00947EE8 /* FirebaseInAppMessaging-Beta in Frameworks */,
			);
			runOnlyForDeploymentPostprocessing = 0;
		};
/* End PBXFrameworksBuildPhase section */

/* Begin PBXGroup section */
		2937C844D89811AB97FBB05A /* Frameworks */ = {
			isa = PBXGroup;
			children = (
			);
			name = Frameworks;
			sourceTree = "<group>";
		};
		982BF4D32905ADCD00141B2C /* Camera */ = {
			isa = PBXGroup;
			children = (
				982BF4D62906E70E00141B2C /* CameraView.swift */,
			);
			path = Camera;
			sourceTree = "<group>";
		};
		B20D939A28C68BEC009D7DE6 /* StartPage */ = {
			isa = PBXGroup;
			children = (
				D18FE65328F9CC6800C5A572 /* Greeting */,
				D18FE65028F9C72F00C5A572 /* HowItWorks */,
			);
			path = StartPage;
			sourceTree = "<group>";
		};
		B247FE9328F71F0A002EFFA3 /* Rive */ = {
			isa = PBXGroup;
			children = (
				D102E7CE28F7A74B0051EB1F /* please.riv */,
				D18FE65A28F9EE1400C5A572 /* loopbackground.riv */,
			);
			path = Rive;
			sourceTree = "<group>";
		};
		B2C4E83A2858107F00731F12 = {
			isa = PBXGroup;
			children = (
				B2C4E8452858107F00731F12 /* golden3 */,
				B2C4E8442858107F00731F12 /* Products */,
				2937C844D89811AB97FBB05A /* Frameworks */,
			);
			sourceTree = "<group>";
		};
		B2C4E8442858107F00731F12 /* Products */ = {
			isa = PBXGroup;
			children = (
				B2C4E8432858107F00731F12 /* golden3.app */,
			);
			name = Products;
			sourceTree = "<group>";
		};
		B2C4E8452858107F00731F12 /* golden3 */ = {
			isa = PBXGroup;
			children = (
				13BBBD2D29357B270011DBE5 /* TimerBack.swift */,
				F395605A29280BE500A1865F /* Model */,
				F37A2B26292592D500ACEDBA /* Utility */,
				B2C4E8462858107F00731F12 /* golden3App.swift */,
				F315675028FDF82E005AF020 /* ViewRouter.swift */,
				D1D3688A28F8D2F600BF016F /* InfoInfo.plist */,
				F3C3E25D2935B42B00615299 /* GoogleService-Info.plist */,
				B2C4E857285810F400731F12 /* Extensions */,
				B2C4E855285810F100731F12 /* Service */,
				B2C4E854285810EF00731F12 /* Core */,
				B247FE9328F71F0A002EFFA3 /* Rive */,
				B2C4E8482858107F00731F12 /* ContentView.swift */,
				B2C4E84A2858108000731F12 /* Assets.xcassets */,
				B2C4E84C2858108000731F12 /* Preview Content */,
			);
			path = golden3;
			sourceTree = "<group>";
		};
		B2C4E84C2858108000731F12 /* Preview Content */ = {
			isa = PBXGroup;
			children = (
				B2C4E84D2858108000731F12 /* Preview Assets.xcassets */,
			);
			path = "Preview Content";
			sourceTree = "<group>";
		};
		B2C4E854285810EF00731F12 /* Core */ = {
			isa = PBXGroup;
			children = (
				F3C3E2682935CE4300615299 /* MainTabView.swift */,
				F3C3E2652935CD7F00615299 /* Settings */,
				F315675228FDF875005AF020 /* ViewControl.swift */,
				F3370AFE28FF5B1B00712AF5 /* Authentication */,
				D18FE65C28F9EFBC00C5A572 /* Background */,
				982BF4D32905ADCD00141B2C /* Camera */,
				D162182828F8C0C200EAED92 /* ProjectFonts */,
				B20D939A28C68BEC009D7DE6 /* StartPage */,
				D18FE65628F9D37D00C5A572 /* Search */,
				B2C4E85B2858115000731F12 /* Feed */,
				B2C4E8582858112200731F12 /* Profile */,
				B2C4E85A2858114B00731F12 /* Components */,
				B2C4E86928581A4000731F12 /* Clock */,
			);
			path = Core;
			sourceTree = "<group>";
		};
		B2C4E855285810F100731F12 /* Service */ = {
			isa = PBXGroup;
			children = (
				982BF4D12905A47300141B2C /* StorageManager.swift */,
				982BF4DC291B06C100141B2C /* UserService.swift */,
				F37A2B24292587A500ACEDBA /* ImageUploader.swift */,
			);
			path = Service;
			sourceTree = "<group>";
		};
		B2C4E857285810F400731F12 /* Extensions */ = {
			isa = PBXGroup;
			children = (
			);
			path = Extensions;
			sourceTree = "<group>";
		};
		B2C4E8582858112200731F12 /* Profile */ = {
			isa = PBXGroup;
			children = (
				B2C4E8662858197F00731F12 /* Views */,
				B2C4E8652858197E00731F12 /* ViewModels */,
			);
			path = Profile;
			sourceTree = "<group>";
		};
		B2C4E85A2858114B00731F12 /* Components */ = {
			isa = PBXGroup;
			children = (
				B2C4E8622858130700731F12 /* Posts */,
			);
			path = Components;
			sourceTree = "<group>";
		};
		B2C4E85B2858115000731F12 /* Feed */ = {
			isa = PBXGroup;
			children = (
				B2C4E85D2858117A00731F12 /* View */,
				B2C4E85C2858117900731F12 /* ViewModels */,
				B2C4E85E2858119A00731F12 /* FeedView.swift */,
				B2C4E86C28581B4600731F12 /* ActualFeed.swift */,
			);
			path = Feed;
			sourceTree = "<group>";
		};
		B2C4E85C2858117900731F12 /* ViewModels */ = {
			isa = PBXGroup;
			children = (
			);
			path = ViewModels;
			sourceTree = "<group>";
		};
		B2C4E85D2858117A00731F12 /* View */ = {
			isa = PBXGroup;
			children = (
			);
			path = View;
			sourceTree = "<group>";
		};
		B2C4E8622858130700731F12 /* Posts */ = {
			isa = PBXGroup;
			children = (
				B2C4E8632858131900731F12 /* PostRowView.swift */,
				982BF4CF29059C5500141B2C /* Post.swift */,
			);
			path = Posts;
			sourceTree = "<group>";
		};
		B2C4E8652858197E00731F12 /* ViewModels */ = {
			isa = PBXGroup;
			children = (
			);
			path = ViewModels;
			sourceTree = "<group>";
		};
		B2C4E8662858197F00731F12 /* Views */ = {
			isa = PBXGroup;
			children = (
				F3C3E2612935CD4B00615299 /* MakePostView.swift */,
				F3C3E2622935CD4B00615299 /* PostCompleteView.swift */,
				B2C4E8672858199B00731F12 /* ProfileView.swift */,
				B23F511128590E360080FE33 /* ActualProfileView.swift */,
			);
			path = Views;
			sourceTree = "<group>";
		};
		B2C4E86928581A4000731F12 /* Clock */ = {
			isa = PBXGroup;
			children = (
				B2C4E86A28581A5100731F12 /* ClockView.swift */,
			);
			path = Clock;
			sourceTree = "<group>";
		};
		D162182828F8C0C200EAED92 /* ProjectFonts */ = {
			isa = PBXGroup;
			children = (
				D162182D28F8D0F000EAED92 /* FredokaOne-Regular.ttf */,
			);
			path = ProjectFonts;
			sourceTree = "<group>";
		};
		D18FE65028F9C72F00C5A572 /* HowItWorks */ = {
			isa = PBXGroup;
			children = (
				D18FE65128F9C75700C5A572 /* HowItWorksView.swift */,
			);
			path = HowItWorks;
			sourceTree = "<group>";
		};
		D18FE65328F9CC6800C5A572 /* Greeting */ = {
			isa = PBXGroup;
			children = (
				D18FE65428F9CCA000C5A572 /* GreetingView.swift */,
				D1D3689128F8DFB700BF016F /* Login(do not use) */,
				D1D3689228F8DFC600BF016F /* SignUp(do not use) */,
			);
			path = Greeting;
			sourceTree = "<group>";
		};
		D18FE65628F9D37D00C5A572 /* Search */ = {
			isa = PBXGroup;
			children = (
				F39DE0BE29075C0900225F49 /* SearchView.swift */,
				F39DE0C029075C1C00225F49 /* SampleData.swift */,
			);
			path = Search;
			sourceTree = "<group>";
		};
		D18FE65C28F9EFBC00C5A572 /* Background */ = {
			isa = PBXGroup;
			children = (
				D18FE65D28F9EFDB00C5A572 /* BackgroundAnimated.swift */,
			);
			path = Background;
			sourceTree = "<group>";
		};
		D1D3689128F8DFB700BF016F /* Login(do not use) */ = {
			isa = PBXGroup;
			children = (
				B20D939B28C68C20009D7DE6 /* LoginInput.swift */,
			);
			path = "Login(do not use)";
			sourceTree = "<group>";
		};
		D1D3689228F8DFC600BF016F /* SignUp(do not use) */ = {
			isa = PBXGroup;
			children = (
				D1D3689528F8E5A900BF016F /* SignupInput.swift */,
			);
			path = "SignUp(do not use)";
			sourceTree = "<group>";
		};
		F3370AFE28FF5B1B00712AF5 /* Authentication */ = {
			isa = PBXGroup;
			children = (
				F37A2B1C292562ED00ACEDBA /* Views */,
				F37A2B1B292562E200ACEDBA /* ViewModel */,
				D1D3688F28F8DFA900BF016F /* DONTUSELOGIN.swift */,
				D1D3689728F8E6AC00BF016F /* DONTUSESIGNIN.swift */,
			);
			path = Authentication;
			sourceTree = "<group>";
		};
		F37A2B1B292562E200ACEDBA /* ViewModel */ = {
			isa = PBXGroup;
			children = (
				F39DE0BA29074FBE00225F49 /* AuthViewModel.swift */,
			);
			path = ViewModel;
			sourceTree = "<group>";
		};
		F37A2B1C292562ED00ACEDBA /* Views */ = {
			isa = PBXGroup;
			children = (
				F37A2B1F2925633C00ACEDBA /* ActualLoginView.swift */,
				F37A2B212925635200ACEDBA /* ActualRegistrationView.swift */,
			);
			path = Views;
			sourceTree = "<group>";
		};
		F37A2B26292592D500ACEDBA /* Utility */ = {
			isa = PBXGroup;
			children = (
				F39DE0C429077A7E00225F49 /* ImagePicker.swift */,
			);
			path = Utility;
			sourceTree = "<group>";
		};
		F395605A29280BE500A1865F /* Model */ = {
			isa = PBXGroup;
			children = (
				F395605B29280BF100A1865F /* User.swift */,
			);
			path = Model;
			sourceTree = "<group>";
		};
		F3C3E2652935CD7F00615299 /* Settings */ = {
			isa = PBXGroup;
			children = (
				F3C3E2662935CDA400615299 /* SettingsView.swift */,
			);
			path = Settings;
			sourceTree = "<group>";
		};
/* End PBXGroup section */

/* Begin PBXNativeTarget section */
		B2C4E8422858107F00731F12 /* golden3 */ = {
			isa = PBXNativeTarget;
			buildConfigurationList = B2C4E8512858108000731F12 /* Build configuration list for PBXNativeTarget "golden3" */;
			buildPhases = (
				B2C4E83F2858107F00731F12 /* Sources */,
				B2C4E8402858107F00731F12 /* Frameworks */,
				B2C4E8412858107F00731F12 /* Resources */,
			);
			buildRules = (
			);
			dependencies = (
			);
			name = golden3;
			packageProductDependencies = (
				D18FE66928FA5AF900C5A572 /* RiveRuntime */,
				F395605E292813AD00A1865F /* Kingfisher */,
				F33579A329342B4F00947EE8 /* FirebaseAnalytics */,
				F33579A529342B4F00947EE8 /* FirebaseAnalyticsOnDeviceConversion */,
				F33579A729342B4F00947EE8 /* FirebaseAnalyticsSwift */,
				F33579A929342B4F00947EE8 /* FirebaseAnalyticsWithoutAdIdSupport */,
				F33579AB29342B4F00947EE8 /* FirebaseAppCheck */,
				F33579AD29342B4F00947EE8 /* FirebaseAppDistribution-Beta */,
				F33579AF29342B4F00947EE8 /* FirebaseAuth */,
				F33579B129342B4F00947EE8 /* FirebaseAuthCombine-Community */,
				F33579B329342B4F00947EE8 /* FirebaseCrashlytics */,
				F33579B529342B4F00947EE8 /* FirebaseDatabase */,
				F33579B729342B4F00947EE8 /* FirebaseDatabaseSwift */,
				F33579B929342B4F00947EE8 /* FirebaseDynamicLinks */,
				F33579BB29342B4F00947EE8 /* FirebaseFirestore */,
				F33579BD29342B4F00947EE8 /* FirebaseFirestoreCombine-Community */,
				F33579BF29342B4F00947EE8 /* FirebaseFirestoreSwift */,
				F33579C129342B4F00947EE8 /* FirebaseFunctions */,
				F33579C329342B4F00947EE8 /* FirebaseFunctionsCombine-Community */,
				F33579C529342B4F00947EE8 /* FirebaseInAppMessaging-Beta */,
				F33579C729342B4F00947EE8 /* FirebaseInAppMessagingSwift-Beta */,
				F33579C929342B4F00947EE8 /* FirebaseInstallations */,
				F33579CB29342B4F00947EE8 /* FirebaseMLModelDownloader */,
				F33579CD29342B4F00947EE8 /* FirebaseMessaging */,
				F33579CF29342B4F00947EE8 /* FirebasePerformance */,
				F33579D129342B4F00947EE8 /* FirebaseRemoteConfig */,
				F33579D329342B4F00947EE8 /* FirebaseRemoteConfigSwift */,
				F33579D529342B4F00947EE8 /* FirebaseStorage */,
				F33579D729342B4F00947EE8 /* FirebaseStorageCombine-Community */,
			);
			productName = golden3;
			productReference = B2C4E8432858107F00731F12 /* golden3.app */;
			productType = "com.apple.product-type.application";
		};
/* End PBXNativeTarget section */

/* Begin PBXProject section */
		B2C4E83B2858107F00731F12 /* Project object */ = {
			isa = PBXProject;
			attributes = {
				BuildIndependentTargetsInParallel = 1;
				LastSwiftUpdateCheck = 1340;
				LastUpgradeCheck = 1340;
				TargetAttributes = {
					B2C4E8422858107F00731F12 = {
						CreatedOnToolsVersion = 13.4;
					};
				};
			};
			buildConfigurationList = B2C4E83E2858107F00731F12 /* Build configuration list for PBXProject "golden3" */;
			compatibilityVersion = "Xcode 13.0";
			developmentRegion = en;
			hasScannedForEncodings = 0;
			knownRegions = (
				en,
				Base,
			);
			mainGroup = B2C4E83A2858107F00731F12;
			packageReferences = (
				D18FE66828FA5AF900C5A572 /* XCRemoteSwiftPackageReference "rive-ios" */,
				F395605D292813AD00A1865F /* XCRemoteSwiftPackageReference "Kingfisher" */,
				F33579A229342B4F00947EE8 /* XCRemoteSwiftPackageReference "firebase-ios-sdk" */,
			);
			productRefGroup = B2C4E8442858107F00731F12 /* Products */;
			projectDirPath = "";
			projectRoot = "";
			targets = (
				B2C4E8422858107F00731F12 /* golden3 */,
			);
		};
/* End PBXProject section */

/* Begin PBXResourcesBuildPhase section */
		B2C4E8412858107F00731F12 /* Resources */ = {
			isa = PBXResourcesBuildPhase;
			buildActionMask = 2147483647;
			files = (
				D18FE65B28F9EE1400C5A572 /* loopbackground.riv in Resources */,
				B2C4E84E2858108000731F12 /* Preview Assets.xcassets in Resources */,
				D102E7CF28F7A74B0051EB1F /* please.riv in Resources */,
				B2C4E84B2858108000731F12 /* Assets.xcassets in Resources */,
				D162182E28F8D0F000EAED92 /* FredokaOne-Regular.ttf in Resources */,
				F3C3E25E2935B42B00615299 /* GoogleService-Info.plist in Resources */,
			);
			runOnlyForDeploymentPostprocessing = 0;
		};
/* End PBXResourcesBuildPhase section */

/* Begin PBXSourcesBuildPhase section */
		B2C4E83F2858107F00731F12 /* Sources */ = {
			isa = PBXSourcesBuildPhase;
			buildActionMask = 2147483647;
			files = (
				D1D3689828F8E6AC00BF016F /* DONTUSESIGNIN.swift in Sources */,
				B2C4E8642858131900731F12 /* PostRowView.swift in Sources */,
				982BF4DD291B06C100141B2C /* UserService.swift in Sources */,
				B2C4E86D28581B4600731F12 /* ActualFeed.swift in Sources */,
				F3C3E2672935CDA400615299 /* SettingsView.swift in Sources */,
				B2C4E8492858107F00731F12 /* ContentView.swift in Sources */,
				F39DE0BF29075C0900225F49 /* SearchView.swift in Sources */,
				B2C4E85F2858119A00731F12 /* FeedView.swift in Sources */,
				B23F511228590E360080FE33 /* ActualProfileView.swift in Sources */,
				F3C3E2692935CE4300615299 /* MainTabView.swift in Sources */,
				F3C3E2642935CD4B00615299 /* PostCompleteView.swift in Sources */,
				F395605C29280BF100A1865F /* User.swift in Sources */,
				D18FE65E28F9EFDB00C5A572 /* BackgroundAnimated.swift in Sources */,
				982BF4D22905A47300141B2C /* StorageManager.swift in Sources */,
				F3C3E2632935CD4B00615299 /* MakePostView.swift in Sources */,
				F37A2B202925633C00ACEDBA /* ActualLoginView.swift in Sources */,
				D1D3689028F8DFA900BF016F /* DONTUSELOGIN.swift in Sources */,
				B2C4E8472858107F00731F12 /* golden3App.swift in Sources */,
				B2C4E86B28581A5100731F12 /* ClockView.swift in Sources */,
				D1D3689628F8E5A900BF016F /* SignupInput.swift in Sources */,
				F39DE0C529077A7E00225F49 /* ImagePicker.swift in Sources */,
				B2C4E8682858199B00731F12 /* ProfileView.swift in Sources */,
				D18FE65228F9C75700C5A572 /* HowItWorksView.swift in Sources */,
				F37A2B222925635200ACEDBA /* ActualRegistrationView.swift in Sources */,
				F315675328FDF875005AF020 /* ViewControl.swift in Sources */,
				982BF4D72906E70E00141B2C /* CameraView.swift in Sources */,
				F315675128FDF82E005AF020 /* ViewRouter.swift in Sources */,
				F39DE0C129075C1C00225F49 /* SampleData.swift in Sources */,
				B20D939C28C68C20009D7DE6 /* LoginInput.swift in Sources */,
				F39DE0BB29074FBE00225F49 /* AuthViewModel.swift in Sources */,
				13BBBD2E29357B270011DBE5 /* TimerBack.swift in Sources */,
				982BF4D029059C5500141B2C /* Post.swift in Sources */,
				D18FE65528F9CCA000C5A572 /* GreetingView.swift in Sources */,
				F37A2B25292587A500ACEDBA /* ImageUploader.swift in Sources */,
			);
			runOnlyForDeploymentPostprocessing = 0;
		};
/* End PBXSourcesBuildPhase section */

/* Begin XCBuildConfiguration section */
		B2C4E84F2858108000731F12 /* Debug */ = {
			isa = XCBuildConfiguration;
			buildSettings = {
				ALWAYS_SEARCH_USER_PATHS = NO;
				CLANG_ANALYZER_NONNULL = YES;
				CLANG_ANALYZER_NUMBER_OBJECT_CONVERSION = YES_AGGRESSIVE;
				CLANG_CXX_LANGUAGE_STANDARD = "gnu++17";
				CLANG_ENABLE_MODULES = YES;
				CLANG_ENABLE_OBJC_ARC = YES;
				CLANG_ENABLE_OBJC_WEAK = YES;
				CLANG_WARN_BLOCK_CAPTURE_AUTORELEASING = YES;
				CLANG_WARN_BOOL_CONVERSION = YES;
				CLANG_WARN_COMMA = YES;
				CLANG_WARN_CONSTANT_CONVERSION = YES;
				CLANG_WARN_DEPRECATED_OBJC_IMPLEMENTATIONS = YES;
				CLANG_WARN_DIRECT_OBJC_ISA_USAGE = YES_ERROR;
				CLANG_WARN_DOCUMENTATION_COMMENTS = YES;
				CLANG_WARN_EMPTY_BODY = YES;
				CLANG_WARN_ENUM_CONVERSION = YES;
				CLANG_WARN_INFINITE_RECURSION = YES;
				CLANG_WARN_INT_CONVERSION = YES;
				CLANG_WARN_NON_LITERAL_NULL_CONVERSION = YES;
				CLANG_WARN_OBJC_IMPLICIT_RETAIN_SELF = YES;
				CLANG_WARN_OBJC_LITERAL_CONVERSION = YES;
				CLANG_WARN_OBJC_ROOT_CLASS = YES_ERROR;
				CLANG_WARN_QUOTED_INCLUDE_IN_FRAMEWORK_HEADER = YES;
				CLANG_WARN_RANGE_LOOP_ANALYSIS = YES;
				CLANG_WARN_STRICT_PROTOTYPES = YES;
				CLANG_WARN_SUSPICIOUS_MOVE = YES;
				CLANG_WARN_UNGUARDED_AVAILABILITY = YES_AGGRESSIVE;
				CLANG_WARN_UNREACHABLE_CODE = YES;
				CLANG_WARN__DUPLICATE_METHOD_MATCH = YES;
				COPY_PHASE_STRIP = NO;
				DEBUG_INFORMATION_FORMAT = dwarf;
				ENABLE_STRICT_OBJC_MSGSEND = YES;
				ENABLE_TESTABILITY = YES;
				GCC_C_LANGUAGE_STANDARD = gnu11;
				GCC_DYNAMIC_NO_PIC = NO;
				GCC_NO_COMMON_BLOCKS = YES;
				GCC_OPTIMIZATION_LEVEL = 0;
				GCC_PREPROCESSOR_DEFINITIONS = (
					"DEBUG=1",
					"$(inherited)",
				);
				GCC_WARN_64_TO_32_BIT_CONVERSION = YES;
				GCC_WARN_ABOUT_RETURN_TYPE = YES_ERROR;
				GCC_WARN_UNDECLARED_SELECTOR = YES;
				GCC_WARN_UNINITIALIZED_AUTOS = YES_AGGRESSIVE;
				GCC_WARN_UNUSED_FUNCTION = YES;
				GCC_WARN_UNUSED_VARIABLE = YES;
				IPHONEOS_DEPLOYMENT_TARGET = 16.0;
				MTL_ENABLE_DEBUG_INFO = INCLUDE_SOURCE;
				MTL_FAST_MATH = YES;
				ONLY_ACTIVE_ARCH = YES;
				SDKROOT = iphoneos;
				SWIFT_ACTIVE_COMPILATION_CONDITIONS = DEBUG;
				SWIFT_OPTIMIZATION_LEVEL = "-Onone";
			};
			name = Debug;
		};
		B2C4E8502858108000731F12 /* Release */ = {
			isa = XCBuildConfiguration;
			buildSettings = {
				ALWAYS_SEARCH_USER_PATHS = NO;
				CLANG_ANALYZER_NONNULL = YES;
				CLANG_ANALYZER_NUMBER_OBJECT_CONVERSION = YES_AGGRESSIVE;
				CLANG_CXX_LANGUAGE_STANDARD = "gnu++17";
				CLANG_ENABLE_MODULES = YES;
				CLANG_ENABLE_OBJC_ARC = YES;
				CLANG_ENABLE_OBJC_WEAK = YES;
				CLANG_WARN_BLOCK_CAPTURE_AUTORELEASING = YES;
				CLANG_WARN_BOOL_CONVERSION = YES;
				CLANG_WARN_COMMA = YES;
				CLANG_WARN_CONSTANT_CONVERSION = YES;
				CLANG_WARN_DEPRECATED_OBJC_IMPLEMENTATIONS = YES;
				CLANG_WARN_DIRECT_OBJC_ISA_USAGE = YES_ERROR;
				CLANG_WARN_DOCUMENTATION_COMMENTS = YES;
				CLANG_WARN_EMPTY_BODY = YES;
				CLANG_WARN_ENUM_CONVERSION = YES;
				CLANG_WARN_INFINITE_RECURSION = YES;
				CLANG_WARN_INT_CONVERSION = YES;
				CLANG_WARN_NON_LITERAL_NULL_CONVERSION = YES;
				CLANG_WARN_OBJC_IMPLICIT_RETAIN_SELF = YES;
				CLANG_WARN_OBJC_LITERAL_CONVERSION = YES;
				CLANG_WARN_OBJC_ROOT_CLASS = YES_ERROR;
				CLANG_WARN_QUOTED_INCLUDE_IN_FRAMEWORK_HEADER = YES;
				CLANG_WARN_RANGE_LOOP_ANALYSIS = YES;
				CLANG_WARN_STRICT_PROTOTYPES = YES;
				CLANG_WARN_SUSPICIOUS_MOVE = YES;
				CLANG_WARN_UNGUARDED_AVAILABILITY = YES_AGGRESSIVE;
				CLANG_WARN_UNREACHABLE_CODE = YES;
				CLANG_WARN__DUPLICATE_METHOD_MATCH = YES;
				COPY_PHASE_STRIP = NO;
				DEBUG_INFORMATION_FORMAT = "dwarf-with-dsym";
				ENABLE_NS_ASSERTIONS = NO;
				ENABLE_STRICT_OBJC_MSGSEND = YES;
				GCC_C_LANGUAGE_STANDARD = gnu11;
				GCC_NO_COMMON_BLOCKS = YES;
				GCC_WARN_64_TO_32_BIT_CONVERSION = YES;
				GCC_WARN_ABOUT_RETURN_TYPE = YES_ERROR;
				GCC_WARN_UNDECLARED_SELECTOR = YES;
				GCC_WARN_UNINITIALIZED_AUTOS = YES_AGGRESSIVE;
				GCC_WARN_UNUSED_FUNCTION = YES;
				GCC_WARN_UNUSED_VARIABLE = YES;
				IPHONEOS_DEPLOYMENT_TARGET = 16.0;
				MTL_ENABLE_DEBUG_INFO = NO;
				MTL_FAST_MATH = YES;
				SDKROOT = iphoneos;
				SWIFT_COMPILATION_MODE = wholemodule;
				SWIFT_OPTIMIZATION_LEVEL = "-O";
				VALIDATE_PRODUCT = YES;
			};
			name = Release;
		};
		B2C4E8522858108000731F12 /* Debug */ = {
			isa = XCBuildConfiguration;
			buildSettings = {
				ASSETCATALOG_COMPILER_APPICON_NAME = AppIcon;
				ASSETCATALOG_COMPILER_GLOBAL_ACCENT_COLOR_NAME = AccentColor;
				CODE_SIGN_STYLE = Automatic;
				CURRENT_PROJECT_VERSION = 1;
				DEVELOPMENT_ASSET_PATHS = "\"golden3/Preview Content\"";
				DEVELOPMENT_TEAM = ZHUT4C42FU;
				ENABLE_PREVIEWS = YES;
				GENERATE_INFOPLIST_FILE = YES;
				INFOPLIST_FILE = golden3/InfoInfo.plist;
				INFOPLIST_KEY_NSCameraUsageDescription = "";
				INFOPLIST_KEY_NSPhotoLibraryUsageDescription = "";
				INFOPLIST_KEY_UIApplicationSceneManifest_Generation = YES;
				INFOPLIST_KEY_UIApplicationSupportsIndirectInputEvents = YES;
				INFOPLIST_KEY_UILaunchScreen_Generation = YES;
				INFOPLIST_KEY_UISupportedInterfaceOrientations_iPad = "UIInterfaceOrientationPortrait UIInterfaceOrientationPortraitUpsideDown UIInterfaceOrientationLandscapeLeft UIInterfaceOrientationLandscapeRight";
				INFOPLIST_KEY_UISupportedInterfaceOrientations_iPhone = "UIInterfaceOrientationPortrait UIInterfaceOrientationLandscapeLeft UIInterfaceOrientationLandscapeRight";
				IPHONEOS_DEPLOYMENT_TARGET = 16.0;
				LD_RUNPATH_SEARCH_PATHS = (
					"$(inherited)",
					"@executable_path/Frameworks",
				);
				MARKETING_VERSION = 1.0;
				PRODUCT_BUNDLE_IDENTIFIER = com.nathan.golden;
				PRODUCT_NAME = golden3;
				SWIFT_EMIT_LOC_STRINGS = YES;
				SWIFT_VERSION = 5.0;
				TARGETED_DEVICE_FAMILY = "1,2";
			};
			name = Debug;
		};
		B2C4E8532858108000731F12 /* Release */ = {
			isa = XCBuildConfiguration;
			buildSettings = {
				ASSETCATALOG_COMPILER_APPICON_NAME = AppIcon;
				ASSETCATALOG_COMPILER_GLOBAL_ACCENT_COLOR_NAME = AccentColor;
				CODE_SIGN_STYLE = Automatic;
				CURRENT_PROJECT_VERSION = 1;
				DEVELOPMENT_ASSET_PATHS = "\"golden3/Preview Content\"";
				DEVELOPMENT_TEAM = ZHUT4C42FU;
				ENABLE_PREVIEWS = YES;
				GENERATE_INFOPLIST_FILE = YES;
				INFOPLIST_FILE = golden3/InfoInfo.plist;
				INFOPLIST_KEY_NSCameraUsageDescription = "";
				INFOPLIST_KEY_NSPhotoLibraryUsageDescription = "";
				INFOPLIST_KEY_UIApplicationSceneManifest_Generation = YES;
				INFOPLIST_KEY_UIApplicationSupportsIndirectInputEvents = YES;
				INFOPLIST_KEY_UILaunchScreen_Generation = YES;
				INFOPLIST_KEY_UISupportedInterfaceOrientations_iPad = "UIInterfaceOrientationPortrait UIInterfaceOrientationPortraitUpsideDown UIInterfaceOrientationLandscapeLeft UIInterfaceOrientationLandscapeRight";
				INFOPLIST_KEY_UISupportedInterfaceOrientations_iPhone = "UIInterfaceOrientationPortrait UIInterfaceOrientationLandscapeLeft UIInterfaceOrientationLandscapeRight";
				IPHONEOS_DEPLOYMENT_TARGET = 16.0;
				LD_RUNPATH_SEARCH_PATHS = (
					"$(inherited)",
					"@executable_path/Frameworks",
				);
				MARKETING_VERSION = 1.0;
				PRODUCT_BUNDLE_IDENTIFIER = com.nathan.golden;
				PRODUCT_NAME = golden3;
				SWIFT_EMIT_LOC_STRINGS = YES;
				SWIFT_VERSION = 5.0;
				TARGETED_DEVICE_FAMILY = "1,2";
			};
			name = Release;
		};
/* End XCBuildConfiguration section */

/* Begin XCConfigurationList section */
		B2C4E83E2858107F00731F12 /* Build configuration list for PBXProject "golden3" */ = {
			isa = XCConfigurationList;
			buildConfigurations = (
				B2C4E84F2858108000731F12 /* Debug */,
				B2C4E8502858108000731F12 /* Release */,
			);
			defaultConfigurationIsVisible = 0;
			defaultConfigurationName = Release;
		};
		B2C4E8512858108000731F12 /* Build configuration list for PBXNativeTarget "golden3" */ = {
			isa = XCConfigurationList;
			buildConfigurations = (
				B2C4E8522858108000731F12 /* Debug */,
				B2C4E8532858108000731F12 /* Release */,
			);
			defaultConfigurationIsVisible = 0;
			defaultConfigurationName = Release;
		};
/* End XCConfigurationList section */

/* Begin XCRemoteSwiftPackageReference section */
		D18FE66828FA5AF900C5A572 /* XCRemoteSwiftPackageReference "rive-ios" */ = {
			isa = XCRemoteSwiftPackageReference;
			repositoryURL = "https://github.com/rive-app/rive-ios.git";
			requirement = {
				kind = upToNextMajorVersion;
				minimumVersion = 3.0.0;
			};
		};
		F33579A229342B4F00947EE8 /* XCRemoteSwiftPackageReference "firebase-ios-sdk" */ = {
			isa = XCRemoteSwiftPackageReference;
			repositoryURL = "https://github.com/firebase/firebase-ios-sdk.git";
			requirement = {
				kind = upToNextMajorVersion;
				minimumVersion = 9.0.0;
			};
		};
		F395605D292813AD00A1865F /* XCRemoteSwiftPackageReference "Kingfisher" */ = {
			isa = XCRemoteSwiftPackageReference;
			repositoryURL = "https://github.com/onevcat/Kingfisher.git";
			requirement = {
				branch = master;
				kind = branch;
			};
		};
/* End XCRemoteSwiftPackageReference section */

/* Begin XCSwiftPackageProductDependency section */
		D18FE66928FA5AF900C5A572 /* RiveRuntime */ = {
			isa = XCSwiftPackageProductDependency;
			package = D18FE66828FA5AF900C5A572 /* XCRemoteSwiftPackageReference "rive-ios" */;
			productName = RiveRuntime;
		};
		F33579A329342B4F00947EE8 /* FirebaseAnalytics */ = {
			isa = XCSwiftPackageProductDependency;
			package = F33579A229342B4F00947EE8 /* XCRemoteSwiftPackageReference "firebase-ios-sdk" */;
			productName = FirebaseAnalytics;
		};
		F33579A529342B4F00947EE8 /* FirebaseAnalyticsOnDeviceConversion */ = {
			isa = XCSwiftPackageProductDependency;
			package = F33579A229342B4F00947EE8 /* XCRemoteSwiftPackageReference "firebase-ios-sdk" */;
			productName = FirebaseAnalyticsOnDeviceConversion;
		};
		F33579A729342B4F00947EE8 /* FirebaseAnalyticsSwift */ = {
			isa = XCSwiftPackageProductDependency;
			package = F33579A229342B4F00947EE8 /* XCRemoteSwiftPackageReference "firebase-ios-sdk" */;
			productName = FirebaseAnalyticsSwift;
		};
		F33579A929342B4F00947EE8 /* FirebaseAnalyticsWithoutAdIdSupport */ = {
			isa = XCSwiftPackageProductDependency;
			package = F33579A229342B4F00947EE8 /* XCRemoteSwiftPackageReference "firebase-ios-sdk" */;
			productName = FirebaseAnalyticsWithoutAdIdSupport;
		};
		F33579AB29342B4F00947EE8 /* FirebaseAppCheck */ = {
			isa = XCSwiftPackageProductDependency;
			package = F33579A229342B4F00947EE8 /* XCRemoteSwiftPackageReference "firebase-ios-sdk" */;
			productName = FirebaseAppCheck;
		};
		F33579AD29342B4F00947EE8 /* FirebaseAppDistribution-Beta */ = {
			isa = XCSwiftPackageProductDependency;
			package = F33579A229342B4F00947EE8 /* XCRemoteSwiftPackageReference "firebase-ios-sdk" */;
			productName = "FirebaseAppDistribution-Beta";
		};
		F33579AF29342B4F00947EE8 /* FirebaseAuth */ = {
			isa = XCSwiftPackageProductDependency;
			package = F33579A229342B4F00947EE8 /* XCRemoteSwiftPackageReference "firebase-ios-sdk" */;
			productName = FirebaseAuth;
		};
		F33579B129342B4F00947EE8 /* FirebaseAuthCombine-Community */ = {
			isa = XCSwiftPackageProductDependency;
			package = F33579A229342B4F00947EE8 /* XCRemoteSwiftPackageReference "firebase-ios-sdk" */;
			productName = "FirebaseAuthCombine-Community";
		};
		F33579B329342B4F00947EE8 /* FirebaseCrashlytics */ = {
			isa = XCSwiftPackageProductDependency;
			package = F33579A229342B4F00947EE8 /* XCRemoteSwiftPackageReference "firebase-ios-sdk" */;
			productName = FirebaseCrashlytics;
		};
		F33579B529342B4F00947EE8 /* FirebaseDatabase */ = {
			isa = XCSwiftPackageProductDependency;
			package = F33579A229342B4F00947EE8 /* XCRemoteSwiftPackageReference "firebase-ios-sdk" */;
			productName = FirebaseDatabase;
		};
		F33579B729342B4F00947EE8 /* FirebaseDatabaseSwift */ = {
			isa = XCSwiftPackageProductDependency;
			package = F33579A229342B4F00947EE8 /* XCRemoteSwiftPackageReference "firebase-ios-sdk" */;
			productName = FirebaseDatabaseSwift;
		};
		F33579B929342B4F00947EE8 /* FirebaseDynamicLinks */ = {
			isa = XCSwiftPackageProductDependency;
			package = F33579A229342B4F00947EE8 /* XCRemoteSwiftPackageReference "firebase-ios-sdk" */;
			productName = FirebaseDynamicLinks;
		};
		F33579BB29342B4F00947EE8 /* FirebaseFirestore */ = {
			isa = XCSwiftPackageProductDependency;
			package = F33579A229342B4F00947EE8 /* XCRemoteSwiftPackageReference "firebase-ios-sdk" */;
			productName = FirebaseFirestore;
		};
		F33579BD29342B4F00947EE8 /* FirebaseFirestoreCombine-Community */ = {
			isa = XCSwiftPackageProductDependency;
			package = F33579A229342B4F00947EE8 /* XCRemoteSwiftPackageReference "firebase-ios-sdk" */;
			productName = "FirebaseFirestoreCombine-Community";
		};
		F33579BF29342B4F00947EE8 /* FirebaseFirestoreSwift */ = {
			isa = XCSwiftPackageProductDependency;
			package = F33579A229342B4F00947EE8 /* XCRemoteSwiftPackageReference "firebase-ios-sdk" */;
			productName = FirebaseFirestoreSwift;
		};
		F33579C129342B4F00947EE8 /* FirebaseFunctions */ = {
			isa = XCSwiftPackageProductDependency;
			package = F33579A229342B4F00947EE8 /* XCRemoteSwiftPackageReference "firebase-ios-sdk" */;
			productName = FirebaseFunctions;
		};
		F33579C329342B4F00947EE8 /* FirebaseFunctionsCombine-Community */ = {
			isa = XCSwiftPackageProductDependency;
			package = F33579A229342B4F00947EE8 /* XCRemoteSwiftPackageReference "firebase-ios-sdk" */;
			productName = "FirebaseFunctionsCombine-Community";
		};
		F33579C529342B4F00947EE8 /* FirebaseInAppMessaging-Beta */ = {
			isa = XCSwiftPackageProductDependency;
			package = F33579A229342B4F00947EE8 /* XCRemoteSwiftPackageReference "firebase-ios-sdk" */;
			productName = "FirebaseInAppMessaging-Beta";
		};
		F33579C729342B4F00947EE8 /* FirebaseInAppMessagingSwift-Beta */ = {
			isa = XCSwiftPackageProductDependency;
			package = F33579A229342B4F00947EE8 /* XCRemoteSwiftPackageReference "firebase-ios-sdk" */;
			productName = "FirebaseInAppMessagingSwift-Beta";
		};
		F33579C929342B4F00947EE8 /* FirebaseInstallations */ = {
			isa = XCSwiftPackageProductDependency;
			package = F33579A229342B4F00947EE8 /* XCRemoteSwiftPackageReference "firebase-ios-sdk" */;
			productName = FirebaseInstallations;
		};
		F33579CB29342B4F00947EE8 /* FirebaseMLModelDownloader */ = {
			isa = XCSwiftPackageProductDependency;
			package = F33579A229342B4F00947EE8 /* XCRemoteSwiftPackageReference "firebase-ios-sdk" */;
			productName = FirebaseMLModelDownloader;
		};
		F33579CD29342B4F00947EE8 /* FirebaseMessaging */ = {
			isa = XCSwiftPackageProductDependency;
			package = F33579A229342B4F00947EE8 /* XCRemoteSwiftPackageReference "firebase-ios-sdk" */;
			productName = FirebaseMessaging;
		};
		F33579CF29342B4F00947EE8 /* FirebasePerformance */ = {
			isa = XCSwiftPackageProductDependency;
			package = F33579A229342B4F00947EE8 /* XCRemoteSwiftPackageReference "firebase-ios-sdk" */;
			productName = FirebasePerformance;
		};
		F33579D129342B4F00947EE8 /* FirebaseRemoteConfig */ = {
			isa = XCSwiftPackageProductDependency;
			package = F33579A229342B4F00947EE8 /* XCRemoteSwiftPackageReference "firebase-ios-sdk" */;
			productName = FirebaseRemoteConfig;
		};
		F33579D329342B4F00947EE8 /* FirebaseRemoteConfigSwift */ = {
			isa = XCSwiftPackageProductDependency;
			package = F33579A229342B4F00947EE8 /* XCRemoteSwiftPackageReference "firebase-ios-sdk" */;
			productName = FirebaseRemoteConfigSwift;
		};
		F33579D529342B4F00947EE8 /* FirebaseStorage */ = {
			isa = XCSwiftPackageProductDependency;
			package = F33579A229342B4F00947EE8 /* XCRemoteSwiftPackageReference "firebase-ios-sdk" */;
			productName = FirebaseStorage;
		};
		F33579D729342B4F00947EE8 /* FirebaseStorageCombine-Community */ = {
			isa = XCSwiftPackageProductDependency;
			package = F33579A229342B4F00947EE8 /* XCRemoteSwiftPackageReference "firebase-ios-sdk" */;
			productName = "FirebaseStorageCombine-Community";
		};
		F395605E292813AD00A1865F /* Kingfisher */ = {
			isa = XCSwiftPackageProductDependency;
			package = F395605D292813AD00A1865F /* XCRemoteSwiftPackageReference "Kingfisher" */;
			productName = Kingfisher;
		};
/* End XCSwiftPackageProductDependency section */
	};
	rootObject = B2C4E83B2858107F00731F12 /* Project object */;
}
