{
  "pins" : [
    {
      "identity" : "rive-ios",
      "kind" : "remoteSourceControl",
      "location" : "https://github.com/rive-app/rive-ios.git",
      "state" : {
        "revision" : "ffedc47d7d83b31c5ad53dca95b9ffc4eca9bc50",
        "version" : "3.1.1"
      }
    }
  ],
  "version" : 2
}
